<?xml version="1.0" encoding="utf-8"?>
<Project ToolsVersion="4.0" xmlns="http://schemas.microsoft.com/developer/msbuild/2003">
  <ItemGroup>
    <ClCompile Include="confus.cpp" />
    <ClCompile Include="contacto.cpp" />
    <ClCompile Include="formentrada.cpp" />
    <ClCompile Include="formsalida.cpp" />
    <ClCompile Include="inicio.cpp" />
    <ClCompile Include="iniciousuario.cpp" />
    <ClCompile Include="login.cpp" />
    <ClCompile Include="MyForm.cpp" />
    <ClCompile Include="proveedores.cpp" />
    <ClCompile Include="servicios.cpp" />
  </ItemGroup>
  <ItemGroup>
    <ClInclude Include="conexion.h" />
    <ClInclude Include="confus.h" />
    <ClInclude Include="contacto.h" />
    <ClInclude Include="formentrada.h" />
    <ClInclude Include="formsalida.h" />
    <ClInclude Include="inicio.h" />
    <ClInclude Include="iniciousempleados.h" />
    <ClInclude Include="login.h" />
    <ClInclude Include="MyForm.h" />
    <ClInclude Include="proveedores.h" />
  </ItemGroup>
</Project>